// !$*UTF8*$!
{
	archiveVersion = 1;
	classes = {
	};
	objectVersion = 50;
	objects = {

/* Begin PBXBuildFile section */
		8656BC582483E3C60023549D /* EncodableExtension.swift in Sources */ = {isa = PBXBuildFile; fileRef = 8656BC572483E3C60023549D /* EncodableExtension.swift */; };
		8656BC5B2483E43D0023549D /* EncodableExtensionUnitTest.swift in Sources */ = {isa = PBXBuildFile; fileRef = 8656BC5A2483E43D0023549D /* EncodableExtensionUnitTest.swift */; };
		8656BC5E2484313F0023549D /* HttpUtilityIntegrationTests.swift in Sources */ = {isa = PBXBuildFile; fileRef = 8656BC5D2484313F0023549D /* HttpUtilityIntegrationTests.swift */; };
		8656BC61248495700023549D /* Response.swift in Sources */ = {isa = PBXBuildFile; fileRef = 8656BC60248495700023549D /* Response.swift */; };
		86719EA024720BD1002A2AB0 /* HttpUtility.framework in Frameworks */ = {isa = PBXBuildFile; fileRef = 86719E9624720BD1002A2AB0 /* HttpUtility.framework */; };
		86719EA724720BD1002A2AB0 /* HttpUtility.h in Headers */ = {isa = PBXBuildFile; fileRef = 86719E9924720BD1002A2AB0 /* HttpUtility.h */; settings = {ATTRIBUTES = (Public, ); }; };
		86719EB124720E40002A2AB0 /* HttpUtility.swift in Sources */ = {isa = PBXBuildFile; fileRef = 86719EB024720E40002A2AB0 /* HttpUtility.swift */; };
		86E9B56424883E9100B78521 /* Requests.swift in Sources */ = {isa = PBXBuildFile; fileRef = 86E9B56324883E9100B78521 /* Requests.swift */; };
/* End PBXBuildFile section */

/* Begin PBXContainerItemProxy section */
		86719EA124720BD1002A2AB0 /* PBXContainerItemProxy */ = {
			isa = PBXContainerItemProxy;
			containerPortal = 86719E8D24720BD1002A2AB0 /* Project object */;
			proxyType = 1;
			remoteGlobalIDString = 86719E9524720BD1002A2AB0;
			remoteInfo = HttpUtility;
		};
/* End PBXContainerItemProxy section */

/* Begin PBXFileReference section */
		8656BC572483E3C60023549D /* EncodableExtension.swift */ = {isa = PBXFileReference; lastKnownFileType = sourcecode.swift; path = EncodableExtension.swift; sourceTree = "<group>"; };
		8656BC5A2483E43D0023549D /* EncodableExtensionUnitTest.swift */ = {isa = PBXFileReference; lastKnownFileType = sourcecode.swift; path = EncodableExtensionUnitTest.swift; sourceTree = "<group>"; };
		8656BC5D2484313F0023549D /* HttpUtilityIntegrationTests.swift */ = {isa = PBXFileReference; lastKnownFileType = sourcecode.swift; path = HttpUtilityIntegrationTests.swift; sourceTree = "<group>"; };
		8656BC60248495700023549D /* Response.swift */ = {isa = PBXFileReference; lastKnownFileType = sourcecode.swift; path = Response.swift; sourceTree = "<group>"; };
		86719E9624720BD1002A2AB0 /* HttpUtility.framework */ = {isa = PBXFileReference; explicitFileType = wrapper.framework; includeInIndex = 0; path = HttpUtility.framework; sourceTree = BUILT_PRODUCTS_DIR; };
		86719E9924720BD1002A2AB0 /* HttpUtility.h */ = {isa = PBXFileReference; lastKnownFileType = sourcecode.c.h; path = HttpUtility.h; sourceTree = "<group>"; };
		86719E9A24720BD1002A2AB0 /* Info.plist */ = {isa = PBXFileReference; lastKnownFileType = text.plist.xml; path = Info.plist; sourceTree = "<group>"; };
		86719E9F24720BD1002A2AB0 /* HttpUtilityTests.xctest */ = {isa = PBXFileReference; explicitFileType = wrapper.cfbundle; includeInIndex = 0; path = HttpUtilityTests.xctest; sourceTree = BUILT_PRODUCTS_DIR; };
		86719EA624720BD1002A2AB0 /* Info.plist */ = {isa = PBXFileReference; lastKnownFileType = text.plist.xml; path = Info.plist; sourceTree = "<group>"; };
		86719EB024720E40002A2AB0 /* HttpUtility.swift */ = {isa = PBXFileReference; lastKnownFileType = sourcecode.swift; path = HttpUtility.swift; sourceTree = "<group>"; };
		86E9B56324883E9100B78521 /* Requests.swift */ = {isa = PBXFileReference; lastKnownFileType = sourcecode.swift; path = Requests.swift; sourceTree = "<group>"; };
/* End PBXFileReference section */

/* Begin PBXFrameworksBuildPhase section */
		86719E9324720BD1002A2AB0 /* Frameworks */ = {
			isa = PBXFrameworksBuildPhase;
			buildActionMask = 2147483647;
			files = (
			);
			runOnlyForDeploymentPostprocessing = 0;
		};
		86719E9C24720BD1002A2AB0 /* Frameworks */ = {
			isa = PBXFrameworksBuildPhase;
			buildActionMask = 2147483647;
			files = (
				86719EA024720BD1002A2AB0 /* HttpUtility.framework in Frameworks */,
			);
			runOnlyForDeploymentPostprocessing = 0;
		};
/* End PBXFrameworksBuildPhase section */

/* Begin PBXGroup section */
		8656BC562483E3B20023549D /* Extensions */ = {
			isa = PBXGroup;
			children = (
				8656BC572483E3C60023549D /* EncodableExtension.swift */,
			);
			path = Extensions;
			sourceTree = "<group>";
		};
		8656BC592483E4200023549D /* ExtensionsTests */ = {
			isa = PBXGroup;
			children = (
				8656BC5A2483E43D0023549D /* EncodableExtensionUnitTest.swift */,
			);
			path = ExtensionsTests;
			sourceTree = "<group>";
		};
		8656BC5C248431200023549D /* IntegrationTests */ = {
			isa = PBXGroup;
			children = (
				8656BC5D2484313F0023549D /* HttpUtilityIntegrationTests.swift */,
			);
			path = IntegrationTests;
			sourceTree = "<group>";
		};
		8656BC5F248495620023549D /* TestModel */ = {
			isa = PBXGroup;
			children = (
				8656BC60248495700023549D /* Response.swift */,
				86E9B56324883E9100B78521 /* Requests.swift */,
			);
			path = TestModel;
			sourceTree = "<group>";
		};
		86719E8C24720BD1002A2AB0 = {
			isa = PBXGroup;
			children = (
				86719E9824720BD1002A2AB0 /* HttpUtility */,
				86719EA324720BD1002A2AB0 /* HttpUtilityTests */,
				86719E9724720BD1002A2AB0 /* Products */,
			);
			sourceTree = "<group>";
		};
		86719E9724720BD1002A2AB0 /* Products */ = {
			isa = PBXGroup;
			children = (
				86719E9624720BD1002A2AB0 /* HttpUtility.framework */,
				86719E9F24720BD1002A2AB0 /* HttpUtilityTests.xctest */,
			);
			name = Products;
			sourceTree = "<group>";
		};
		86719E9824720BD1002A2AB0 /* HttpUtility */ = {
			isa = PBXGroup;
			children = (
				8656BC562483E3B20023549D /* Extensions */,
				86719E9924720BD1002A2AB0 /* HttpUtility.h */,
				86719E9A24720BD1002A2AB0 /* Info.plist */,
				86719EB024720E40002A2AB0 /* HttpUtility.swift */,
			);
			path = HttpUtility;
			sourceTree = "<group>";
		};
		86719EA324720BD1002A2AB0 /* HttpUtilityTests */ = {
			isa = PBXGroup;
			children = (
				8656BC5F248495620023549D /* TestModel */,
				8656BC5C248431200023549D /* IntegrationTests */,
				8656BC592483E4200023549D /* ExtensionsTests */,
				86719EA624720BD1002A2AB0 /* Info.plist */,
			);
			path = HttpUtilityTests;
			sourceTree = "<group>";
		};
/* End PBXGroup section */

/* Begin PBXHeadersBuildPhase section */
		86719E9124720BD1002A2AB0 /* Headers */ = {
			isa = PBXHeadersBuildPhase;
			buildActionMask = 2147483647;
			files = (
				86719EA724720BD1002A2AB0 /* HttpUtility.h in Headers */,
			);
			runOnlyForDeploymentPostprocessing = 0;
		};
/* End PBXHeadersBuildPhase section */

/* Begin PBXNativeTarget section */
		86719E9524720BD1002A2AB0 /* HttpUtility */ = {
			isa = PBXNativeTarget;
			buildConfigurationList = 86719EAA24720BD1002A2AB0 /* Build configuration list for PBXNativeTarget "HttpUtility" */;
			buildPhases = (
				86719E9124720BD1002A2AB0 /* Headers */,
				86719E9224720BD1002A2AB0 /* Sources */,
				86719E9324720BD1002A2AB0 /* Frameworks */,
				86719E9424720BD1002A2AB0 /* Resources */,
			);
			buildRules = (
			);
			dependencies = (
			);
			name = HttpUtility;
			productName = HttpUtility;
			productReference = 86719E9624720BD1002A2AB0 /* HttpUtility.framework */;
			productType = "com.apple.product-type.framework";
		};
		86719E9E24720BD1002A2AB0 /* HttpUtilityTests */ = {
			isa = PBXNativeTarget;
			buildConfigurationList = 86719EAD24720BD1002A2AB0 /* Build configuration list for PBXNativeTarget "HttpUtilityTests" */;
			buildPhases = (
				86719E9B24720BD1002A2AB0 /* Sources */,
				86719E9C24720BD1002A2AB0 /* Frameworks */,
				86719E9D24720BD1002A2AB0 /* Resources */,
			);
			buildRules = (
			);
			dependencies = (
				86719EA224720BD1002A2AB0 /* PBXTargetDependency */,
			);
			name = HttpUtilityTests;
			productName = HttpUtilityTests;
			productReference = 86719E9F24720BD1002A2AB0 /* HttpUtilityTests.xctest */;
			productType = "com.apple.product-type.bundle.unit-test";
		};
/* End PBXNativeTarget section */

/* Begin PBXProject section */
		86719E8D24720BD1002A2AB0 /* Project object */ = {
			isa = PBXProject;
			attributes = {
				LastSwiftUpdateCheck = 1140;
				LastUpgradeCheck = 1140;
				ORGANIZATIONNAME = CodeCat15;
				TargetAttributes = {
					86719E9524720BD1002A2AB0 = {
						CreatedOnToolsVersion = 11.4.1;
						LastSwiftMigration = 1140;
					};
					86719E9E24720BD1002A2AB0 = {
						CreatedOnToolsVersion = 11.4.1;
					};
				};
			};
			buildConfigurationList = 86719E9024720BD1002A2AB0 /* Build configuration list for PBXProject "HttpUtility" */;
			compatibilityVersion = "Xcode 9.3";
			developmentRegion = en;
			hasScannedForEncodings = 0;
			knownRegions = (
				en,
				Base,
			);
			mainGroup = 86719E8C24720BD1002A2AB0;
			productRefGroup = 86719E9724720BD1002A2AB0 /* Products */;
			projectDirPath = "";
			projectRoot = "";
			targets = (
				86719E9524720BD1002A2AB0 /* HttpUtility */,
				86719E9E24720BD1002A2AB0 /* HttpUtilityTests */,
			);
		};
/* End PBXProject section */

/* Begin PBXResourcesBuildPhase section */
		86719E9424720BD1002A2AB0 /* Resources */ = {
			isa = PBXResourcesBuildPhase;
			buildActionMask = 2147483647;
			files = (
			);
			runOnlyForDeploymentPostprocessing = 0;
		};
		86719E9D24720BD1002A2AB0 /* Resources */ = {
			isa = PBXResourcesBuildPhase;
			buildActionMask = 2147483647;
			files = (
			);
			runOnlyForDeploymentPostprocessing = 0;
		};
/* End PBXResourcesBuildPhase section */

/* Begin PBXSourcesBuildPhase section */
		86719E9224720BD1002A2AB0 /* Sources */ = {
			isa = PBXSourcesBuildPhase;
			buildActionMask = 2147483647;
			files = (
				86719EB124720E40002A2AB0 /* HttpUtility.swift in Sources */,
				8656BC582483E3C60023549D /* EncodableExtension.swift in Sources */,
			);
			runOnlyForDeploymentPostprocessing = 0;
		};
		86719E9B24720BD1002A2AB0 /* Sources */ = {
			isa = PBXSourcesBuildPhase;
			buildActionMask = 2147483647;
			files = (
				8656BC61248495700023549D /* Response.swift in Sources */,
				86E9B56424883E9100B78521 /* Requests.swift in Sources */,
				8656BC5B2483E43D0023549D /* EncodableExtensionUnitTest.swift in Sources */,
				8656BC5E2484313F0023549D /* HttpUtilityIntegrationTests.swift in Sources */,
			);
			runOnlyForDeploymentPostprocessing = 0;
		};
/* End PBXSourcesBuildPhase section */

/* Begin PBXTargetDependency section */
		86719EA224720BD1002A2AB0 /* PBXTargetDependency */ = {
			isa = PBXTargetDependency;
			target = 86719E9524720BD1002A2AB0 /* HttpUtility */;
			targetProxy = 86719EA124720BD1002A2AB0 /* PBXContainerItemProxy */;
		};
/* End PBXTargetDependency section */

/* Begin XCBuildConfiguration section */
		86719EA824720BD1002A2AB0 /* Debug */ = {
			isa = XCBuildConfiguration;
			buildSettings = {
				ALWAYS_SEARCH_USER_PATHS = NO;
				CLANG_ANALYZER_NONNULL = YES;
				CLANG_ANALYZER_NUMBER_OBJECT_CONVERSION = YES_AGGRESSIVE;
				CLANG_CXX_LANGUAGE_STANDARD = "gnu++14";
				CLANG_CXX_LIBRARY = "libc++";
				CLANG_ENABLE_MODULES = YES;
				CLANG_ENABLE_OBJC_ARC = YES;
				CLANG_ENABLE_OBJC_WEAK = YES;
				CLANG_WARN_BLOCK_CAPTURE_AUTORELEASING = YES;
				CLANG_WARN_BOOL_CONVERSION = YES;
				CLANG_WARN_COMMA = YES;
				CLANG_WARN_CONSTANT_CONVERSION = YES;
				CLANG_WARN_DEPRECATED_OBJC_IMPLEMENTATIONS = YES;
				CLANG_WARN_DIRECT_OBJC_ISA_USAGE = YES_ERROR;
				CLANG_WARN_DOCUMENTATION_COMMENTS = YES;
				CLANG_WARN_EMPTY_BODY = YES;
				CLANG_WARN_ENUM_CONVERSION = YES;
				CLANG_WARN_INFINITE_RECURSION = YES;
				CLANG_WARN_INT_CONVERSION = YES;
				CLANG_WARN_NON_LITERAL_NULL_CONVERSION = YES;
				CLANG_WARN_OBJC_IMPLICIT_RETAIN_SELF = YES;
				CLANG_WARN_OBJC_LITERAL_CONVERSION = YES;
				CLANG_WARN_OBJC_ROOT_CLASS = YES_ERROR;
				CLANG_WARN_RANGE_LOOP_ANALYSIS = YES;
				CLANG_WARN_STRICT_PROTOTYPES = YES;
				CLANG_WARN_SUSPICIOUS_MOVE = YES;
				CLANG_WARN_UNGUARDED_AVAILABILITY = YES_AGGRESSIVE;
				CLANG_WARN_UNREACHABLE_CODE = YES;
				CLANG_WARN__DUPLICATE_METHOD_MATCH = YES;
				COPY_PHASE_STRIP = NO;
				CURRENT_PROJECT_VERSION = 1;
				DEBUG_INFORMATION_FORMAT = dwarf;
				ENABLE_STRICT_OBJC_MSGSEND = YES;
				ENABLE_TESTABILITY = YES;
				GCC_C_LANGUAGE_STANDARD = gnu11;
				GCC_DYNAMIC_NO_PIC = NO;
				GCC_NO_COMMON_BLOCKS = YES;
				GCC_OPTIMIZATION_LEVEL = 0;
				GCC_PREPROCESSOR_DEFINITIONS = (
					"DEBUG=1",
					"$(inherited)",
				);
				GCC_WARN_64_TO_32_BIT_CONVERSION = YES;
				GCC_WARN_ABOUT_RETURN_TYPE = YES_ERROR;
				GCC_WARN_UNDECLARED_SELECTOR = YES;
				GCC_WARN_UNINITIALIZED_AUTOS = YES_AGGRESSIVE;
				GCC_WARN_UNUSED_FUNCTION = YES;
				GCC_WARN_UNUSED_VARIABLE = YES;
				IPHONEOS_DEPLOYMENT_TARGET = 11.0;
				MTL_ENABLE_DEBUG_INFO = INCLUDE_SOURCE;
				MTL_FAST_MATH = YES;
				ONLY_ACTIVE_ARCH = YES;
				SDKROOT = iphoneos;
				SWIFT_ACTIVE_COMPILATION_CONDITIONS = DEBUG;
				SWIFT_OPTIMIZATION_LEVEL = "-Onone";
				VERSIONING_SYSTEM = "apple-generic";
				VERSION_INFO_PREFIX = "";
			};
			name = Debug;
		};
		86719EA924720BD1002A2AB0 /* Release */ = {
			isa = XCBuildConfiguration;
			buildSettings = {
				ALWAYS_SEARCH_USER_PATHS = NO;
				CLANG_ANALYZER_NONNULL = YES;
				CLANG_ANALYZER_NUMBER_OBJECT_CONVERSION = YES_AGGRESSIVE;
				CLANG_CXX_LANGUAGE_STANDARD = "gnu++14";
				CLANG_CXX_LIBRARY = "libc++";
				CLANG_ENABLE_MODULES = YES;
				CLANG_ENABLE_OBJC_ARC = YES;
				CLANG_ENABLE_OBJC_WEAK = YES;
				CLANG_WARN_BLOCK_CAPTURE_AUTORELEASING = YES;
				CLANG_WARN_BOOL_CONVERSION = YES;
				CLANG_WARN_COMMA = YES;
				CLANG_WARN_CONSTANT_CONVERSION = YES;
				CLANG_WARN_DEPRECATED_OBJC_IMPLEMENTATIONS = YES;
				CLANG_WARN_DIRECT_OBJC_ISA_USAGE = YES_ERROR;
				CLANG_WARN_DOCUMENTATION_COMMENTS = YES;
				CLANG_WARN_EMPTY_BODY = YES;
				CLANG_WARN_ENUM_CONVERSION = YES;
				CLANG_WARN_INFINITE_RECURSION = YES;
				CLANG_WARN_INT_CONVERSION = YES;
				CLANG_WARN_NON_LITERAL_NULL_CONVERSION = YES;
				CLANG_WARN_OBJC_IMPLICIT_RETAIN_SELF = YES;
				CLANG_WARN_OBJC_LITERAL_CONVERSION = YES;
				CLANG_WARN_OBJC_ROOT_CLASS = YES_ERROR;
				CLANG_WARN_RANGE_LOOP_ANALYSIS = YES;
				CLANG_WARN_STRICT_PROTOTYPES = YES;
				CLANG_WARN_SUSPICIOUS_MOVE = YES;
				CLANG_WARN_UNGUARDED_AVAILABILITY = YES_AGGRESSIVE;
				CLANG_WARN_UNREACHABLE_CODE = YES;
				CLANG_WARN__DUPLICATE_METHOD_MATCH = YES;
				COPY_PHASE_STRIP = NO;
				CURRENT_PROJECT_VERSION = 1;
				DEBUG_INFORMATION_FORMAT = "dwarf-with-dsym";
				ENABLE_NS_ASSERTIONS = NO;
				ENABLE_STRICT_OBJC_MSGSEND = YES;
				GCC_C_LANGUAGE_STANDARD = gnu11;
				GCC_NO_COMMON_BLOCKS = YES;
				GCC_WARN_64_TO_32_BIT_CONVERSION = YES;
				GCC_WARN_ABOUT_RETURN_TYPE = YES_ERROR;
				GCC_WARN_UNDECLARED_SELECTOR = YES;
				GCC_WARN_UNINITIALIZED_AUTOS = YES_AGGRESSIVE;
				GCC_WARN_UNUSED_FUNCTION = YES;
				GCC_WARN_UNUSED_VARIABLE = YES;
				IPHONEOS_DEPLOYMENT_TARGET = 11.0;
				MTL_ENABLE_DEBUG_INFO = NO;
				MTL_FAST_MATH = YES;
				SDKROOT = iphoneos;
				SWIFT_COMPILATION_MODE = wholemodule;
				SWIFT_OPTIMIZATION_LEVEL = "-O";
				VALIDATE_PRODUCT = YES;
				VERSIONING_SYSTEM = "apple-generic";
				VERSION_INFO_PREFIX = "";
			};
			name = Release;
		};
		86719EAB24720BD1002A2AB0 /* Debug */ = {
			isa = XCBuildConfiguration;
			buildSettings = {
				CLANG_ENABLE_MODULES = YES;
				CODE_SIGN_STYLE = Automatic;
				DEFINES_MODULE = YES;
				DYLIB_COMPATIBILITY_VERSION = 1;
				DYLIB_CURRENT_VERSION = 1;
				DYLIB_INSTALL_NAME_BASE = "@rpath";
				INFOPLIST_FILE = HttpUtility/Info.plist;
				INSTALL_PATH = "$(LOCAL_LIBRARY_DIR)/Frameworks";
				LD_RUNPATH_SEARCH_PATHS = (
					"$(inherited)",
					"@executable_path/Frameworks",
					"@loader_path/Frameworks",
				);
				PRODUCT_BUNDLE_IDENTIFIER = com.codecat15.HttpUtility;
				PRODUCT_NAME = "$(TARGET_NAME:c99extidentifier)";
				SKIP_INSTALL = YES;
				SUPPORTS_MACCATALYST = NO;
				SWIFT_OPTIMIZATION_LEVEL = "-Onone";
				SWIFT_VERSION = 5.0;
				TARGETED_DEVICE_FAMILY = "1,2";
			};
			name = Debug;
		};
		86719EAC24720BD1002A2AB0 /* Release */ = {
			isa = XCBuildConfiguration;
			buildSettings = {
				CLANG_ENABLE_MODULES = YES;
				CODE_SIGN_STYLE = Automatic;
				DEFINES_MODULE = YES;
				DYLIB_COMPATIBILITY_VERSION = 1;
				DYLIB_CURRENT_VERSION = 1;
				DYLIB_INSTALL_NAME_BASE = "@rpath";
				INFOPLIST_FILE = HttpUtility/Info.plist;
				INSTALL_PATH = "$(LOCAL_LIBRARY_DIR)/Frameworks";
				LD_RUNPATH_SEARCH_PATHS = (
					"$(inherited)",
					"@executable_path/Frameworks",
					"@loader_path/Frameworks",
				);
				PRODUCT_BUNDLE_IDENTIFIER = com.codecat15.HttpUtility;
				PRODUCT_NAME = "$(TARGET_NAME:c99extidentifier)";
				SKIP_INSTALL = YES;
				SUPPORTS_MACCATALYST = NO;
				SWIFT_VERSION = 5.0;
				TARGETED_DEVICE_FAMILY = "1,2";
			};
			name = Release;
		};
		86719EAE24720BD1002A2AB0 /* Debug */ = {
			isa = XCBuildConfiguration;
			buildSettings = {
				ALWAYS_EMBED_SWIFT_STANDARD_LIBRARIES = YES;
				CODE_SIGN_STYLE = Automatic;
				INFOPLIST_FILE = HttpUtilityTests/Info.plist;
				LD_RUNPATH_SEARCH_PATHS = (
					"$(inherited)",
					"@executable_path/Frameworks",
					"@loader_path/Frameworks",
				);
				PRODUCT_BUNDLE_IDENTIFIER = com.codecat15.HttpUtilityTests;
				PRODUCT_NAME = "$(TARGET_NAME)";
				SWIFT_VERSION = 5.0;
				TARGETED_DEVICE_FAMILY = "1,2";
			};
			name = Debug;
		};
		86719EAF24720BD1002A2AB0 /* Release */ = {
			isa = XCBuildConfiguration;
			buildSettings = {
				ALWAYS_EMBED_SWIFT_STANDARD_LIBRARIES = YES;
				CODE_SIGN_STYLE = Automatic;
				INFOPLIST_FILE = HttpUtilityTests/Info.plist;
				LD_RUNPATH_SEARCH_PATHS = (
					"$(inherited)",
					"@executable_path/Frameworks",
					"@loader_path/Frameworks",
				);
				PRODUCT_BUNDLE_IDENTIFIER = com.codecat15.HttpUtilityTests;
				PRODUCT_NAME = "$(TARGET_NAME)";
				SWIFT_VERSION = 5.0;
				TARGETED_DEVICE_FAMILY = "1,2";
			};
			name = Release;
		};
/* End XCBuildConfiguration section */

/* Begin XCConfigurationList section */
		86719E9024720BD1002A2AB0 /* Build configuration list for PBXProject "HttpUtility" */ = {
			isa = XCConfigurationList;
			buildConfigurations = (
				86719EA824720BD1002A2AB0 /* Debug */,
				86719EA924720BD1002A2AB0 /* Release */,
			);
			defaultConfigurationIsVisible = 0;
			defaultConfigurationName = Release;
		};
		86719EAA24720BD1002A2AB0 /* Build configuration list for PBXNativeTarget "HttpUtility" */ = {
			isa = XCConfigurationList;
			buildConfigurations = (
				86719EAB24720BD1002A2AB0 /* Debug */,
				86719EAC24720BD1002A2AB0 /* Release */,
			);
			defaultConfigurationIsVisible = 0;
			defaultConfigurationName = Release;
		};
		86719EAD24720BD1002A2AB0 /* Build configuration list for PBXNativeTarget "HttpUtilityTests" */ = {
			isa = XCConfigurationList;
			buildConfigurations = (
				86719EAE24720BD1002A2AB0 /* Debug */,
				86719EAF24720BD1002A2AB0 /* Release */,
			);
			defaultConfigurationIsVisible = 0;
			defaultConfigurationName = Release;
		};
/* End XCConfigurationList section */
	};
	rootObject = 86719E8D24720BD1002A2AB0 /* Project object */;
}
